
Microsoft Visual Studio Solution File, Format Version 12.00
# Visual Studio Version 17
VisualStudioVersion = 17.7.34031.279
MinimumVisualStudioVersion = 10.0.40219.1
Project("{9A19103F-16F7-4668-BE54-9A1E7A4F7556}") = "CDA", "CDA.csproj", "{D82971AA-A3FA-4B50-ABE0-FB9816C5F2D8}"
EndProject
Project("{54435603-DBB4-11D2-8724-00A0C9A8B90C}") = "CDA_Installer", "..\CDA_Installer\CDA_Installer.vdproj", "{A4E38410-24C3-4C53-A857-037ACCDCEC3C}"
EndProject
Global
	GlobalSection(SolutionConfigurationPlatforms) = preSolution
		Debug|Any CPU = Debug|Any CPU
		Release|Any CPU = Release|Any CPU
	EndGlobalSection
	GlobalSection(ProjectConfigurationPlatforms) = postSolution
		{D82971AA-A3FA-4B50-ABE0-FB9816C5F2D8}.Debug|Any CPU.ActiveCfg = Debug|Any CPU
		{D82971AA-A3FA-4B50-ABE0-FB9816C5F2D8}.Debug|Any CPU.Build.0 = Debug|Any CPU
		{D82971AA-A3FA-4B50-ABE0-FB9816C5F2D8}.Release|Any CPU.ActiveCfg = Release|Any CPU
		{D82971AA-A3FA-4B50-ABE0-FB9816C5F2D8}.Release|Any CPU.Build.0 = Release|Any CPU
		{A4E38410-24C3-4C53-A857-037ACCDCEC3C}.Debug|Any CPU.ActiveCfg = Debug
		{A4E38410-24C3-4C53-A857-037ACCDCEC3C}.Release|Any CPU.ActiveCfg = Release
	EndGlobalSection
	GlobalSection(SolutionProperties) = preSolution
		HideSolutionNode = FALSE
	EndGlobalSection
	GlobalSection(ExtensibilityGlobals) = postSolution
		SolutionGuid = {B90A6703-8338-4250-8F8D-6533EDCB9917}
	EndGlobalSection
EndGlobal
